// !$*UTF8*$!
{
	archiveVersion = 1;
	classes = {
	};
	objectVersion = 46;
	objects = {

/* Begin PBXBuildFile section */
		3EEF232A14981248002CEC7F /* UIKit.framework in Frameworks */ = {isa = PBXBuildFile; fileRef = 3EEF232914981248002CEC7F /* UIKit.framework */; };
		3EEF232C14981248002CEC7F /* Foundation.framework in Frameworks */ = {isa = PBXBuildFile; fileRef = 3EEF232B14981248002CEC7F /* Foundation.framework */; };
		3EEF232E14981248002CEC7F /* CoreGraphics.framework in Frameworks */ = {isa = PBXBuildFile; fileRef = 3EEF232D14981248002CEC7F /* CoreGraphics.framework */; };
		3EEF233414981248002CEC7F /* InfoPlist.strings in Resources */ = {isa = PBXBuildFile; fileRef = 3EEF233214981248002CEC7F /* InfoPlist.strings */; };
		3EEF233614981248002CEC7F /* main.m in Sources */ = {isa = PBXBuildFile; fileRef = 3EEF233514981248002CEC7F /* main.m */; };
		3EEF233A14981248002CEC7F /* AppDelegate.m in Sources */ = {isa = PBXBuildFile; fileRef = 3EEF233914981248002CEC7F /* AppDelegate.m */; };
		3EEF233D14981248002CEC7F /* MainStoryboard_iPhone.storyboard in Resources */ = {isa = PBXBuildFile; fileRef = 3EEF233B14981248002CEC7F /* MainStoryboard_iPhone.storyboard */; };
		3EEF234014981248002CEC7F /* MainStoryboard_iPad.storyboard in Resources */ = {isa = PBXBuildFile; fileRef = 3EEF233E14981248002CEC7F /* MainStoryboard_iPad.storyboard */; };
		3EEF234314981248002CEC7F /* ViewController.m in Sources */ = {isa = PBXBuildFile; fileRef = 3EEF234214981248002CEC7F /* ViewController.m */; };
		3EEF234B14981249002CEC7F /* SenTestingKit.framework in Frameworks */ = {isa = PBXBuildFile; fileRef = 3EEF234A14981249002CEC7F /* SenTestingKit.framework */; };
		3EEF234C14981249002CEC7F /* UIKit.framework in Frameworks */ = {isa = PBXBuildFile; fileRef = 3EEF232914981248002CEC7F /* UIKit.framework */; };
		3EEF234D14981249002CEC7F /* Foundation.framework in Frameworks */ = {isa = PBXBuildFile; fileRef = 3EEF232B14981248002CEC7F /* Foundation.framework */; };
		3EEF235514981249002CEC7F /* InfoPlist.strings in Resources */ = {isa = PBXBuildFile; fileRef = 3EEF235314981249002CEC7F /* InfoPlist.strings */; };
		3EEF235814981249002CEC7F /* UniDecAppTests.m in Sources */ = {isa = PBXBuildFile; fileRef = 3EEF235714981249002CEC7F /* UniDecAppTests.m */; };
/* End PBXBuildFile section */

/* Begin PBXContainerItemProxy section */
		3EEF234E14981249002CEC7F /* PBXContainerItemProxy */ = {
			isa = PBXContainerItemProxy;
			containerPortal = 3EEF231C14981248002CEC7F /* Project object */;
			proxyType = 1;
			remoteGlobalIDString = 3EEF232414981248002CEC7F;
			remoteInfo = UniDecApp;
		};
/* End PBXContainerItemProxy section */

/* Begin PBXFileReference section */
		3EEF232514981248002CEC7F /* UniDecApp.app */ = {isa = PBXFileReference; explicitFileType = wrapper.application; includeInIndex = 0; path = UniDecApp.app; sourceTree = BUILT_PRODUCTS_DIR; };
		3EEF232914981248002CEC7F /* UIKit.framework */ = {isa = PBXFileReference; lastKnownFileType = wrapper.framework; name = UIKit.framework; path = System/Library/Frameworks/UIKit.framework; sourceTree = SDKROOT; };
		3EEF232B14981248002CEC7F /* Foundation.framework */ = {isa = PBXFileReference; lastKnownFileType = wrapper.framework; name = Foundation.framework; path = System/Library/Frameworks/Foundation.framework; sourceTree = SDKROOT; };
		3EEF232D14981248002CEC7F /* CoreGraphics.framework */ = {isa = PBXFileReference; lastKnownFileType = wrapper.framework; name = CoreGraphics.framework; path = System/Library/Frameworks/CoreGraphics.framework; sourceTree = SDKROOT; };
		3EEF233114981248002CEC7F /* UniDecApp-Info.plist */ = {isa = PBXFileReference; path = "UniDecApp-Info.plist"; sourceTree = "<group>"; };
		3EEF233314981248002CEC7F /* en */ = {isa = PBXFileReference; lastKnownFileType = text.plist.strings; name = en; path = en.lproj/InfoPlist.strings; sourceTree = "<group>"; };
		3EEF233514981248002CEC7F /* main.m */ = {isa = PBXFileReference; lastKnownFileType = sourcecode.c.objc; path = main.m; sourceTree = "<group>"; };
		3EEF233714981248002CEC7F /* UniDecApp-Prefix.pch */ = {isa = PBXFileReference; path = "UniDecApp-Prefix.pch"; sourceTree = "<group>"; };
		3EEF233814981248002CEC7F /* AppDelegate.h */ = {isa = PBXFileReference; path = AppDelegate.h; sourceTree = "<group>"; };
		3EEF233914981248002CEC7F /* AppDelegate.m */ = {isa = PBXFileReference; lastKnownFileType = sourcecode.c.objc; path = AppDelegate.m; sourceTree = "<group>"; };
		3EEF233C14981248002CEC7F /* en */ = {isa = PBXFileReference; lastKnownFileType = file.storyboard; name = en; path = en.lproj/MainStoryboard_iPhone.storyboard; sourceTree = "<group>"; };
		3EEF233F14981248002CEC7F /* en */ = {isa = PBXFileReference; lastKnownFileType = file.storyboard; name = en; path = en.lproj/MainStoryboard_iPad.storyboard; sourceTree = "<group>"; };
		3EEF234114981248002CEC7F /* ViewController.h */ = {isa = PBXFileReference; path = ViewController.h; sourceTree = "<group>"; };
		3EEF234214981248002CEC7F /* ViewController.m */ = {isa = PBXFileReference; lastKnownFileType = sourcecode.c.objc; path = ViewController.m; sourceTree = "<group>"; };
		3EEF234914981249002CEC7F /* UniDecAppTests.octest */ = {isa = PBXFileReference; explicitFileType = wrapper.cfbundle; includeInIndex = 0; path = UniDecAppTests.octest; sourceTree = BUILT_PRODUCTS_DIR; };
		3EEF234A14981249002CEC7F /* SenTestingKit.framework */ = {isa = PBXFileReference; lastKnownFileType = wrapper.framework; name = SenTestingKit.framework; path = Library/Frameworks/SenTestingKit.framework; sourceTree = DEVELOPER_DIR; };
		3EEF235214981249002CEC7F /* UniDecAppTests-Info.plist */ = {isa = PBXFileReference; path = "UniDecAppTests-Info.plist"; sourceTree = "<group>"; };
		3EEF235414981249002CEC7F /* en */ = {isa = PBXFileReference; lastKnownFileType = text.plist.strings; name = en; path = en.lproj/InfoPlist.strings; sourceTree = "<group>"; };
		3EEF235614981249002CEC7F /* UniDecAppTests.h */ = {isa = PBXFileReference; path = UniDecAppTests.h; sourceTree = "<group>"; };
		3EEF235714981249002CEC7F /* UniDecAppTests.m */ = {isa = PBXFileReference; lastKnownFileType = sourcecode.c.objc; path = UniDecAppTests.m; sourceTree = "<group>"; };
/* End PBXFileReference section */

/* Begin PBXFrameworksBuildPhase section */
		3EEF232214981248002CEC7F /* Frameworks */ = {
			isa = PBXFrameworksBuildPhase;
			buildActionMask = 2147483647;
			files = (
				3EEF232A14981248002CEC7F /* UIKit.framework in Frameworks */,
				3EEF232C14981248002CEC7F /* Foundation.framework in Frameworks */,
				3EEF232E14981248002CEC7F /* CoreGraphics.framework in Frameworks */,
			);
			runOnlyForDeploymentPostprocessing = 0;
		};
		3EEF234514981249002CEC7F /* Frameworks */ = {
			isa = PBXFrameworksBuildPhase;
			buildActionMask = 2147483647;
			files = (
				3EEF234B14981249002CEC7F /* SenTestingKit.framework in Frameworks */,
				3EEF234C14981249002CEC7F /* UIKit.framework in Frameworks */,
				3EEF234D14981249002CEC7F /* Foundation.framework in Frameworks */,
			);
			runOnlyForDeploymentPostprocessing = 0;
		};
/* End PBXFrameworksBuildPhase section */

/* Begin PBXGroup section */
		3EEF231A14981248002CEC7F = {
			isa = PBXGroup;
			children = (
				3EEF232F14981248002CEC7F /* UniDecApp */,
				3EEF235014981249002CEC7F /* UniDecAppTests */,
				3EEF232814981248002CEC7F /* Frameworks */,
				3EEF232614981248002CEC7F /* Products */,
			);
			sourceTree = "<group>";
		};
		3EEF232614981248002CEC7F /* Products */ = {
			isa = PBXGroup;
			children = (
				3EEF232514981248002CEC7F /* UniDecApp.app */,
				3EEF234914981249002CEC7F /* UniDecAppTests.octest */,
			);
			name = Products;
			sourceTree = "<group>";
		};
		3EEF232814981248002CEC7F /* Frameworks */ = {
			isa = PBXGroup;
			children = (
				3EEF232914981248002CEC7F /* UIKit.framework */,
				3EEF232B14981248002CEC7F /* Foundation.framework */,
				3EEF232D14981248002CEC7F /* CoreGraphics.framework */,
				3EEF234A14981249002CEC7F /* SenTestingKit.framework */,
			);
			name = Frameworks;
			sourceTree = "<group>";
		};
		3EEF232F14981248002CEC7F /* UniDecApp */ = {
			isa = PBXGroup;
			children = (
				3EEF233814981248002CEC7F /* AppDelegate.h */,
				3EEF233914981248002CEC7F /* AppDelegate.m */,
				3EEF233B14981248002CEC7F /* MainStoryboard_iPhone.storyboard */,
				3EEF233E14981248002CEC7F /* MainStoryboard_iPad.storyboard */,
				3EEF234114981248002CEC7F /* ViewController.h */,
				3EEF234214981248002CEC7F /* ViewController.m */,
				3EEF233014981248002CEC7F /* Supporting Files */,
			);
			path = UniDecApp;
			sourceTree = "<group>";
		};
		3EEF233014981248002CEC7F /* Supporting Files */ = {
			isa = PBXGroup;
			children = (
				3EEF233114981248002CEC7F /* UniDecApp-Info.plist */,
				3EEF233214981248002CEC7F /* InfoPlist.strings */,
				3EEF233514981248002CEC7F /* main.m */,
				3EEF233714981248002CEC7F /* UniDecApp-Prefix.pch */,
			);
			name = "Supporting Files";
			sourceTree = "<group>";
		};
		3EEF235014981249002CEC7F /* UniDecAppTests */ = {
			isa = PBXGroup;
			children = (
				3EEF235614981249002CEC7F /* UniDecAppTests.h */,
				3EEF235714981249002CEC7F /* UniDecAppTests.m */,
				3EEF235114981249002CEC7F /* Supporting Files */,
			);
			path = UniDecAppTests;
			sourceTree = "<group>";
		};
		3EEF235114981249002CEC7F /* Supporting Files */ = {
			isa = PBXGroup;
			children = (
				3EEF235214981249002CEC7F /* UniDecAppTests-Info.plist */,
				3EEF235314981249002CEC7F /* InfoPlist.strings */,
			);
			name = "Supporting Files";
			sourceTree = "<group>";
		};
/* End PBXGroup section */

/* Begin PBXNativeTarget section */
		3EEF232414981248002CEC7F /* UniDecApp */ = {
			isa = PBXNativeTarget;
			buildConfigurationList = 3EEF235B14981249002CEC7F /* Build configuration list for PBXNativeTarget "UniDecApp" */;
			buildPhases = (
				3EEF232114981248002CEC7F /* Sources */,
				3EEF232214981248002CEC7F /* Frameworks */,
				3EEF232314981248002CEC7F /* Resources */,
			);
			buildRules = (
			);
			dependencies = (
			);
			name = UniDecApp;
			productName = UniDecApp;
			productReference = 3EEF232514981248002CEC7F /* UniDecApp.app */;
			productType = "com.apple.product-type.application";
		};
		3EEF234814981249002CEC7F /* UniDecAppTests */ = {
			isa = PBXNativeTarget;
			buildConfigurationList = 3EEF235E14981249002CEC7F /* Build configuration list for PBXNativeTarget "UniDecAppTests" */;
			buildPhases = (
				3EEF234414981249002CEC7F /* Sources */,
				3EEF234514981249002CEC7F /* Frameworks */,
				3EEF234614981249002CEC7F /* Resources */,
				3EEF234714981249002CEC7F /* ShellScript */,
			);
			buildRules = (
			);
			dependencies = (
				3EEF234F14981249002CEC7F /* PBXTargetDependency */,
			);
			name = UniDecAppTests;
			productName = UniDecAppTests;
			productReference = 3EEF234914981249002CEC7F /* UniDecAppTests.octest */;
			productType = "com.apple.product-type.bundle";
		};
/* End PBXNativeTarget section */

/* Begin PBXProject section */
		3EEF231C14981248002CEC7F /* Project object */ = {
			isa = PBXProject;
			attributes = {
				LastUpgradeCheck = 0420;
				ORGANIZATIONNAME = Pirates;
			};
			buildConfigurationList = 3EEF231F14981248002CEC7F /* Build configuration list for PBXProject "UniDecApp" */;
			compatibilityVersion = "Xcode 3.2";
			developmentRegion = English;
			hasScannedForEncodings = 0;
			knownRegions = (
				en,
			);
			mainGroup = 3EEF231A14981248002CEC7F;
			productRefGroup = 3EEF232614981248002CEC7F /* Products */;
			projectDirPath = "";
			projectRoot = "";
			targets = (
				3EEF232414981248002CEC7F /* UniDecApp */,
				3EEF234814981249002CEC7F /* UniDecAppTests */,
			);
		};
/* End PBXProject section */

/* Begin PBXResourcesBuildPhase section */
		3EEF232314981248002CEC7F /* Resources */ = {
			isa = PBXResourcesBuildPhase;
			buildActionMask = 2147483647;
			files = (
				3EEF233414981248002CEC7F /* InfoPlist.strings in Resources */,
				3EEF233D14981248002CEC7F /* MainStoryboard_iPhone.storyboard in Resources */,
				3EEF234014981248002CEC7F /* MainStoryboard_iPad.storyboard in Resources */,
			);
			runOnlyForDeploymentPostprocessing = 0;
		};
		3EEF234614981249002CEC7F /* Resources */ = {
			isa = PBXResourcesBuildPhase;
			buildActionMask = 2147483647;
			files = (
				3EEF235514981249002CEC7F /* InfoPlist.strings in Resources */,
			);
			runOnlyForDeploymentPostprocessing = 0;
		};
/* End PBXResourcesBuildPhase section */

/* Begin PBXShellScriptBuildPhase section */
		3EEF234714981249002CEC7F /* ShellScript */ = {
			isa = PBXShellScriptBuildPhase;
			buildActionMask = 2147483647;
			files = (
			);
			inputPaths = (
			);
			outputPaths = (
			);
			runOnlyForDeploymentPostprocessing = 0;
			shellPath = /bin/sh;
			shellScript = "# Run the unit tests in this test bundle.\n\"${SYSTEM_DEVELOPER_DIR}/Tools/RunUnitTests\"\n";
		};
/* End PBXShellScriptBuildPhase section */

/* Begin PBXSourcesBuildPhase section */
		3EEF232114981248002CEC7F /* Sources */ = {
			isa = PBXSourcesBuildPhase;
			buildActionMask = 2147483647;
			files = (
				3EEF233614981248002CEC7F /* main.m in Sources */,
				3EEF233A14981248002CEC7F /* AppDelegate.m in Sources */,
				3EEF234314981248002CEC7F /* ViewController.m in Sources */,
			);
			runOnlyForDeploymentPostprocessing = 0;
		};
		3EEF234414981249002CEC7F /* Sources */ = {
			isa = PBXSourcesBuildPhase;
			buildActionMask = 2147483647;
			files = (
				3EEF235814981249002CEC7F /* UniDecAppTests.m in Sources */,
			);
			runOnlyForDeploymentPostprocessing = 0;
		};
/* End PBXSourcesBuildPhase section */

/* Begin PBXTargetDependency section */
		3EEF234F14981249002CEC7F /* PBXTargetDependency */ = {
			isa = PBXTargetDependency;
			target = 3EEF232414981248002CEC7F /* UniDecApp */;
			targetProxy = 3EEF234E14981249002CEC7F /* PBXContainerItemProxy */;
		};
/* End PBXTargetDependency section */

/* Begin PBXVariantGroup section */
		3EEF233214981248002CEC7F /* InfoPlist.strings */ = {
			isa = PBXVariantGroup;
			children = (
				3EEF233314981248002CEC7F /* en */,
			);
			name = InfoPlist.strings;
			sourceTree = "<group>";
		};
		3EEF233B14981248002CEC7F /* MainStoryboard_iPhone.storyboard */ = {
			isa = PBXVariantGroup;
			children = (
				3EEF233C14981248002CEC7F /* en */,
			);
			name = MainStoryboard_iPhone.storyboard;
			sourceTree = "<group>";
		};
		3EEF233E14981248002CEC7F /* MainStoryboard_iPad.storyboard */ = {
			isa = PBXVariantGroup;
			children = (
				3EEF233F14981248002CEC7F /* en */,
			);
			name = MainStoryboard_iPad.storyboard;
			sourceTree = "<group>";
		};
		3EEF235314981249002CEC7F /* InfoPlist.strings */ = {
			isa = PBXVariantGroup;
			children = (
				3EEF235414981249002CEC7F /* en */,
			);
			name = InfoPlist.strings;
			sourceTree = "<group>";
		};
/* End PBXVariantGroup section */

/* Begin XCBuildConfiguration section */
		3EEF235914981249002CEC7F /* Debug */ = {
			isa = XCBuildConfiguration;
			buildSettings = {
				ALWAYS_SEARCH_USER_PATHS = NO;
				ARCHS = "$(ARCHS_STANDARD_32_BIT)";
				CLANG_ENABLE_OBJC_ARC = YES;
				"CODE_SIGN_IDENTITY[sdk=iphoneos*]" = "iPhone Developer";
				COPY_PHASE_STRIP = NO;
				GCC_C_LANGUAGE_STANDARD = gnu99;
				GCC_DYNAMIC_NO_PIC = NO;
				GCC_OPTIMIZATION_LEVEL = 0;
				GCC_PREPROCESSOR_DEFINITIONS = (
					"DEBUG=1",
					"$(inherited)",
				);
				GCC_SYMBOLS_PRIVATE_EXTERN = NO;
				GCC_VERSION = com.apple.compilers.llvm.clang.1_0;
				GCC_WARN_ABOUT_MISSING_PROTOTYPES = YES;
				GCC_WARN_ABOUT_RETURN_TYPE = YES;
				GCC_WARN_UNUSED_VARIABLE = YES;
				IPHONEOS_DEPLOYMENT_TARGET = 5.0;
				SDKROOT = iphoneos;
				TARGETED_DEVICE_FAMILY = "1,2";
			};
			name = Debug;
		};
		3EEF235A14981249002CEC7F /* Release */ = {
			isa = XCBuildConfiguration;
			buildSettings = {
				ALWAYS_SEARCH_USER_PATHS = NO;
				ARCHS = "$(ARCHS_STANDARD_32_BIT)";
				CLANG_ENABLE_OBJC_ARC = YES;
				"CODE_SIGN_IDENTITY[sdk=iphoneos*]" = "iPhone Developer";
				COPY_PHASE_STRIP = YES;
				GCC_C_LANGUAGE_STANDARD = gnu99;
				GCC_VERSION = com.apple.compilers.llvm.clang.1_0;
				GCC_WARN_ABOUT_MISSING_PROTOTYPES = YES;
				GCC_WARN_ABOUT_RETURN_TYPE = YES;
				GCC_WARN_UNUSED_VARIABLE = YES;
				IPHONEOS_DEPLOYMENT_TARGET = 5.0;
				OTHER_CFLAGS = "-DNS_BLOCK_ASSERTIONS=1";
				SDKROOT = iphoneos;
				TARGETED_DEVICE_FAMILY = "1,2";
				VALIDATE_PRODUCT = YES;
			};
			name = Release;
		};
		3EEF235C14981249002CEC7F /* Debug */ = {
			isa = XCBuildConfiguration;
			buildSettings = {
				GCC_PRECOMPILE_PREFIX_HEADER = YES;
				GCC_PREFIX_HEADER = "UniDecApp/UniDecApp-Prefix.pch";
				INFOPLIST_FILE = "UniDecApp/UniDecApp-Info.plist";
				PRODUCT_NAME = "$(TARGET_NAME)";
				WRAPPER_EXTENSION = app;
			};
			name = Debug;
		};
		3EEF235D14981249002CEC7F /* Release */ = {
			isa = XCBuildConfiguration;
			buildSettings = {
				GCC_PRECOMPILE_PREFIX_HEADER = YES;
				GCC_PREFIX_HEADER = "UniDecApp/UniDecApp-Prefix.pch";
				INFOPLIST_FILE = "UniDecApp/UniDecApp-Info.plist";
				PRODUCT_NAME = "$(TARGET_NAME)";
				WRAPPER_EXTENSION = app;
			};
			name = Release;
		};
		3EEF235F14981249002CEC7F /* Debug */ = {
			isa = XCBuildConfiguration;
			buildSettings = {
				BUNDLE_LOADER = "$(BUILT_PRODUCTS_DIR)/UniDecApp.app/UniDecApp";
				FRAMEWORK_SEARCH_PATHS = (
					"$(SDKROOT)/Developer/Library/Frameworks",
					"$(DEVELOPER_LIBRARY_DIR)/Frameworks",
				);
				GCC_PRECOMPILE_PREFIX_HEADER = YES;
				GCC_PREFIX_HEADER = "UniDecApp/UniDecApp-Prefix.pch";
				INFOPLIST_FILE = "UniDecAppTests/UniDecAppTests-Info.plist";
				PRODUCT_NAME = "$(TARGET_NAME)";
				TEST_HOST = "$(BUNDLE_LOADER)";
				WRAPPER_EXTENSION = octest;
			};
			name = Debug;
		};
		3EEF236014981249002CEC7F /* Release */ = {
			isa = XCBuildConfiguration;
			buildSettings = {
				BUNDLE_LOADER = "$(BUILT_PRODUCTS_DIR)/UniDecApp.app/UniDecApp";
				FRAMEWORK_SEARCH_PATHS = (
					"$(SDKROOT)/Developer/Library/Frameworks",
					"$(DEVELOPER_LIBRARY_DIR)/Frameworks",
				);
				GCC_PRECOMPILE_PREFIX_HEADER = YES;
				GCC_PREFIX_HEADER = "UniDecApp/UniDecApp-Prefix.pch";
				INFOPLIST_FILE = "UniDecAppTests/UniDecAppTests-Info.plist";
				PRODUCT_NAME = "$(TARGET_NAME)";
				TEST_HOST = "$(BUNDLE_LOADER)";
				WRAPPER_EXTENSION = octest;
			};
			name = Release;
		};
/* End XCBuildConfiguration section */

/* Begin XCConfigurationList section */
		3EEF231F14981248002CEC7F /* Build configuration list for PBXProject "UniDecApp" */ = {
			isa = XCConfigurationList;
			buildConfigurations = (
				3EEF235914981249002CEC7F /* Debug */,
				3EEF235A14981249002CEC7F /* Release */,
			);
			defaultConfigurationIsVisible = 0;
			defaultConfigurationName = Release;
		};
		3EEF235B14981249002CEC7F /* Build configuration list for PBXNativeTarget "UniDecApp" */ = {
			isa = XCConfigurationList;
			buildConfigurations = (
				3EEF235C14981249002CEC7F /* Debug */,
				3EEF235D14981249002CEC7F /* Release */,
			);
			defaultConfigurationIsVisible = 0;
		};
		3EEF235E14981249002CEC7F /* Build configuration list for PBXNativeTarget "UniDecAppTests" */ = {
			isa = XCConfigurationList;
			buildConfigurations = (
				3EEF235F14981249002CEC7F /* Debug */,
				3EEF236014981249002CEC7F /* Release */,
			);
			defaultConfigurationIsVisible = 0;
		};
/* End XCConfigurationList section */
	};
	rootObject = 3EEF231C14981248002CEC7F /* Project object */;
}
